
Microsoft Visual Studio Solution File, Format Version 12.00
# Visual Studio 15
Project("{FAE04EC0-301F-11D3-BF4B-00C04F79EFBC}") = "HoloLens-LiveStream", "HoloLens-LiveStream.csproj", "{14A75717-0F5A-3AAC-0A05-8254A105E178}"
EndProject
Global
	GlobalSection(SolutionConfigurationPlatforms) = preSolution
		Debug|Any CPU = Debug|Any CPU
		Release|Any CPU = Release|Any CPU
	EndGlobalSection
	GlobalSection(ProjectConfigurationPlatforms) = postSolution
		{14A75717-0F5A-3AAC-0A05-8254A105E178}.Debug|Any CPU.ActiveCfg = Debug|Any CPU
		{14A75717-0F5A-3AAC-0A05-8254A105E178}.Debug|Any CPU.Build.0 = Debug|Any CPU
		{14A75717-0F5A-3AAC-0A05-8254A105E178}.Release|Any CPU.ActiveCfg = Release|Any CPU
		{14A75717-0F5A-3AAC-0A05-8254A105E178}.Release|Any CPU.Build.0 = Release|Any CPU
	EndGlobalSection
	GlobalSection(SolutionProperties) = preSolution
		HideSolutionNode = FALSE
	EndGlobalSection
EndGlobal
